{
  "requires": true,
  "lockfileVersion": 1,
  "dependencies": {
    "@fortawesome/fontawesome-common-types": {
      "version": "0.2.15",
      "resolved": "https://registry.npmjs.org/@fortawesome/fontawesome-common-types/-/fontawesome-common-types-0.2.15.tgz",
      "integrity": "sha512-ATBRyKJw1d2ko+0DWN9+BXau0EK3I/Q6pPzPv3LhJD7r052YFAkAdfb1Bd7ZqhBsJrdse/S7jKxWUOZ61qBD4g=="
    },
    "@fortawesome/fontawesome-svg-core": {
      "version": "1.2.15",
      "resolved": "https://registry.npmjs.org/@fortawesome/fontawesome-svg-core/-/fontawesome-svg-core-1.2.15.tgz",
      "integrity": "sha512-M/sHyl4g2VBtKYkay1Z+XImMyTVcaBPmehYtPw4HKD9zg2E7eovB7Yx98aUfZjPbroGqa+IL4/+KhWBMOGlHIQ==",
      "requires": {
        "@fortawesome/fontawesome-common-types": "^0.2.15"
      }
    },
    "@fortawesome/free-solid-svg-icons": {
      "version": "5.7.2",
      "resolved": "https://registry.npmjs.org/@fortawesome/free-solid-svg-icons/-/free-solid-svg-icons-5.7.2.tgz",
      "integrity": "sha512-iujcXMyAvIbWM8W3jkOLpvJbR+rPpdN1QyqhZeJaLRdHPH4JmuovIAYP4vx5Sa1csZVXfRD1eDWqVZ/jGM620A==",
      "requires": {
        "@fortawesome/fontawesome-common-types": "^0.2.15"
      }
    },
    "@fortawesome/react-fontawesome": {
      "version": "0.1.4",
      "resolved": "https://registry.npmjs.org/@fortawesome/react-fontawesome/-/react-fontawesome-0.1.4.tgz",
      "integrity": "sha512-GwmxQ+TK7PEdfSwvxtGnMCqrfEm0/HbRHArbUudsYiy9KzVCwndxa2KMcfyTQ8El0vROrq8gOOff09RF1oQe8g==",
      "requires": {
        "humps": "^2.0.1",
        "prop-types": "^15.5.10"
      }
    },
    "@vx/curve": {
      "version": "0.0.182",
      "resolved": "https://registry.npmjs.org/@vx/curve/-/curve-0.0.182.tgz",
      "integrity": "sha512-tpuRMx/zs1mvSPUuxynN/7Kj4Mqf94vCdmUvO9LdnrgL5kgFpNgyYN9e0mZyfetbS+FDhBrtR9GC7d6vD36NrA==",
      "requires": {
        "d3-shape": "^1.0.6"
      }
    },
    "@vx/group": {
      "version": "0.0.183",
      "resolved": "https://registry.npmjs.org/@vx/group/-/group-0.0.183.tgz",
      "integrity": "sha512-iD2tDL8sl6HjZsMn+kkBjRb29px7qlHF8o6MQ3VbzVjUp+WZEYvA/s1bkqvn3q9tPtFAMBG+YWp9oSnkMdfpYQ==",
      "requires": {
        "classnames": "^2.2.5",
        "prop-types": "^15.6.2"
      }
    },
    "@vx/mock-data": {
      "version": "0.0.185",
      "resolved": "https://registry.npmjs.org/@vx/mock-data/-/mock-data-0.0.185.tgz",
      "integrity": "sha512-zUXnrIFTN6ybBGQ1BrgKRXSNHgSw6PIs/2nEXWNkZ2Ar5wMSNnsTkgYxyOxHU/eXQV2mzqgSaGW2ylCxbg+NFQ==",
      "requires": {
        "d3-random": "^1.0.3"
      }
    },
    "@vx/point": {
      "version": "0.0.182",
      "resolved": "https://registry.npmjs.org/@vx/point/-/point-0.0.182.tgz",
      "integrity": "sha512-ZWDFVL5+RQXDSY6a5DZDRAoTFUmz0nxqUJidIHP9kDN1MGwoX43yaG7Ss1iJxe5a7Np5XGB2sm3xvmgZvf4a6g=="
    },
    "@vx/scale": {
      "version": "0.0.182",
      "resolved": "https://registry.npmjs.org/@vx/scale/-/scale-0.0.182.tgz",
      "integrity": "sha512-QFNWElBUscZD40SZoBOJtzqNU9fS5RAZypvYYJE1mipcEMLXLa8MExpeu/VushAbkSBz2B3T6K9myBL0QYi2xQ==",
      "requires": {
        "d3-scale": "^2.0.0"
      }
    },
    "@vx/shape": {
      "version": "0.0.184",
      "resolved": "https://registry.npmjs.org/@vx/shape/-/shape-0.0.184.tgz",
      "integrity": "sha512-esO2ztlb4edFX/Vzb9xzh4K2wbXUo3HrKMjFgFnJ8vU9RAD+8PQ3NDm/1UYm+OaOjVqxbmX5pwW1r8kMlUcppw==",
      "requires": {
        "@vx/curve": "0.0.182",
        "@vx/group": "0.0.183",
        "@vx/point": "0.0.182",
        "classnames": "^2.2.5",
        "d3-path": "^1.0.5",
        "d3-shape": "^1.2.0",
        "prop-types": "^15.5.10"
      }
    },
    "classnames": {
      "version": "2.2.6",
      "resolved": "https://registry.npmjs.org/classnames/-/classnames-2.2.6.tgz",
      "integrity": "sha512-JR/iSQOSt+LQIWwrwEzJ9uk0xfN3mTVYMwt1Ir5mUcSN6pU+V4zQFFaJsclJbPuAUQH+yfWef6tm7l1quW3C8Q=="
    },
    "d3-array": {
      "version": "1.2.4",
      "resolved": "https://registry.npmjs.org/d3-array/-/d3-array-1.2.4.tgz",
      "integrity": "sha512-KHW6M86R+FUPYGb3R5XiYjXPq7VzwxZ22buHhAEVG5ztoEcZZMLov530mmccaqA1GghZArjQV46fuc8kUqhhHw=="
    },
    "d3-collection": {
      "version": "1.0.7",
      "resolved": "https://registry.npmjs.org/d3-collection/-/d3-collection-1.0.7.tgz",
      "integrity": "sha512-ii0/r5f4sjKNTfh84Di+DpztYwqKhEyUlKoPrzUFfeSkWxjW49xU2QzO9qrPrNkpdI0XJkfzvmTu8V2Zylln6A=="
    },
    "d3-color": {
      "version": "1.2.3",
      "resolved": "https://registry.npmjs.org/d3-color/-/d3-color-1.2.3.tgz",
      "integrity": "sha512-x37qq3ChOTLd26hnps36lexMRhNXEtVxZ4B25rL0DVdDsGQIJGB18S7y9XDwlDD6MD/ZBzITCf4JjGMM10TZkw=="
    },
    "d3-contour": {
      "version": "1.3.2",
      "resolved": "https://registry.npmjs.org/d3-contour/-/d3-contour-1.3.2.tgz",
      "integrity": "sha512-hoPp4K/rJCu0ladiH6zmJUEz6+u3lgR+GSm/QdM2BBvDraU39Vr7YdDCicJcxP1z8i9B/2dJLgDC1NcvlF8WCg==",
      "requires": {
        "d3-array": "^1.1.1"
      }
    },
    "d3-format": {
      "version": "1.3.2",
      "resolved": "https://registry.npmjs.org/d3-format/-/d3-format-1.3.2.tgz",
      "integrity": "sha512-Z18Dprj96ExragQ0DeGi+SYPQ7pPfRMtUXtsg/ChVIKNBCzjO8XYJvRTC1usblx52lqge56V5ect+frYTQc8WQ=="
    },
    "d3-geo": {
      "version": "1.11.3",
      "resolved": "https://registry.npmjs.org/d3-geo/-/d3-geo-1.11.3.tgz",
      "integrity": "sha512-n30yN9qSKREvV2fxcrhmHUdXP9TNH7ZZj3C/qnaoU0cVf/Ea85+yT7HY7i8ySPwkwjCNYtmKqQFTvLFngfkItQ==",
      "requires": {
        "d3-array": "1"
      }
    },
    "d3-hexbin": {
      "version": "0.2.2",
      "resolved": "https://registry.npmjs.org/d3-hexbin/-/d3-hexbin-0.2.2.tgz",
      "integrity": "sha1-nFg32s/UcasFM3qeke8Qv8T5iDE="
    },
    "d3-hierarchy": {
      "version": "1.1.8",
      "resolved": "https://registry.npmjs.org/d3-hierarchy/-/d3-hierarchy-1.1.8.tgz",
      "integrity": "sha512-L+GHMSZNwTpiq4rt9GEsNcpLa4M96lXMR8M/nMG9p5hBE0jy6C+3hWtyZMenPQdwla249iJy7Nx0uKt3n+u9+w=="
    },
    "d3-interpolate": {
      "version": "1.3.2",
      "resolved": "https://registry.npmjs.org/d3-interpolate/-/d3-interpolate-1.3.2.tgz",
      "integrity": "sha512-NlNKGopqaz9qM1PXh9gBF1KSCVh+jSFErrSlD/4hybwoNX/gt1d8CDbDW+3i+5UOHhjC6s6nMvRxcuoMVNgL2w==",
      "requires": {
        "d3-color": "1"
      }
    },
    "d3-path": {
      "version": "1.0.7",
      "resolved": "https://registry.npmjs.org/d3-path/-/d3-path-1.0.7.tgz",
      "integrity": "sha512-q0cW1RpvA5c5ma2rch62mX8AYaiLX0+bdaSM2wxSU9tXjU4DNvkx9qiUvjkuWCj3p22UO/hlPivujqMiR9PDzA=="
    },
    "d3-random": {
      "version": "1.1.2",
      "resolved": "https://registry.npmjs.org/d3-random/-/d3-random-1.1.2.tgz",
      "integrity": "sha512-6AK5BNpIFqP+cx/sreKzNjWbwZQCSUatxq+pPRmFIQaWuoD+NrbVWw7YWpHiXpCQ/NanKdtGDuB+VQcZDaEmYQ=="
    },
    "d3-sankey": {
      "version": "0.7.1",
      "resolved": "https://registry.npmjs.org/d3-sankey/-/d3-sankey-0.7.1.tgz",
      "integrity": "sha1-0imDImj8aaf+yEgD6WwiVqYUxSE=",
      "requires": {
        "d3-array": "1",
        "d3-collection": "1",
        "d3-shape": "^1.2.0"
      }
    },
    "d3-scale": {
      "version": "2.2.2",
      "resolved": "https://registry.npmjs.org/d3-scale/-/d3-scale-2.2.2.tgz",
      "integrity": "sha512-LbeEvGgIb8UMcAa0EATLNX0lelKWGYDQiPdHj+gLblGVhGLyNbaCn3EvrJf0A3Y/uOOU5aD6MTh5ZFCdEwGiCw==",
      "requires": {
        "d3-array": "^1.2.0",
        "d3-collection": "1",
        "d3-format": "1",
        "d3-interpolate": "1",
        "d3-time": "1",
        "d3-time-format": "2"
      }
    },
    "d3-shape": {
      "version": "1.3.4",
      "resolved": "https://registry.npmjs.org/d3-shape/-/d3-shape-1.3.4.tgz",
      "integrity": "sha512-izaz4fOpOnY3CD17hkZWNxbaN70sIGagLR/5jb6RS96Y+6VqX+q1BQf1av6QSBRdfULi3Gb8Js4CzG4+KAPjMg==",
      "requires": {
        "d3-path": "1"
      }
    },
    "d3-time": {
      "version": "1.0.11",
      "resolved": "https://registry.npmjs.org/d3-time/-/d3-time-1.0.11.tgz",
      "integrity": "sha512-Z3wpvhPLW4vEScGeIMUckDW7+3hWKOQfAWg/U7PlWBnQmeKQ00gCUsTtWSYulrKNA7ta8hJ+xXc6MHrMuITwEw=="
    },
    "d3-time-format": {
      "version": "2.1.3",
      "resolved": "https://registry.npmjs.org/d3-time-format/-/d3-time-format-2.1.3.tgz",
      "integrity": "sha512-6k0a2rZryzGm5Ihx+aFMuO1GgelgIz+7HhB4PH4OEndD5q2zGn1mDfRdNrulspOfR6JXkb2sThhDK41CSK85QA==",
      "requires": {
        "d3-time": "1"
      }
    },
    "d3-voronoi": {
      "version": "1.1.4",
      "resolved": "https://registry.npmjs.org/d3-voronoi/-/d3-voronoi-1.1.4.tgz",
      "integrity": "sha512-dArJ32hchFsrQ8uMiTBLq256MpnZjeuBtdHpaDlYuQyjU0CVzCJl/BVW+SkszaAeH95D/8gxqAhgx0ouAWAfRg=="
    },
    "deep-equal": {
      "version": "1.0.1",
      "resolved": "https://registry.npmjs.org/deep-equal/-/deep-equal-1.0.1.tgz",
      "integrity": "sha1-9dJgKStmDghO/0zbyfCK0yR0SLU="
    },
    "dom-walk": {
      "version": "0.1.1",
      "resolved": "https://registry.npmjs.org/dom-walk/-/dom-walk-0.1.1.tgz",
      "integrity": "sha1-ZyIm3HTI95mtNTB9+TaroRrNYBg="
    },
    "echarts": {
      "version": "4.1.0",
      "resolved": "https://registry.npmjs.org/echarts/-/echarts-4.1.0.tgz",
      "integrity": "sha512-gP1e1fNnAj9KJpTDLXV21brklbfJlqeINmpQDJCDta9TX3cPoqyQOiDVcEPzbOVHqgBRgTOwNxC5iGwJ89014A==",
      "requires": {
        "zrender": "4.0.4"
      }
    },
    "global": {
      "version": "4.3.2",
      "resolved": "https://registry.npmjs.org/global/-/global-4.3.2.tgz",
      "integrity": "sha1-52mJJopsdMOJCLEwWxD8DjlOnQ8=",
      "requires": {
        "min-document": "^2.19.0",
        "process": "~0.5.1"
      }
    },
    "hoek": {
      "version": "4.2.1",
      "resolved": "https://registry.npmjs.org/hoek/-/hoek-4.2.1.tgz",
      "integrity": "sha512-QLg82fGkfnJ/4iy1xZ81/9SIJiq1NGFUMGs6ParyjBZr6jW2Ufj/snDqTHixNlHdPNwN2RLVD0Pi3igeK9+JfA=="
    },
    "humps": {
      "version": "2.0.1",
      "resolved": "https://registry.npmjs.org/humps/-/humps-2.0.1.tgz",
      "integrity": "sha1-3QLqYIG9BWjcXQcxhEY5V7qe+ao="
    },
    "js-tokens": {
      "version": "4.0.0",
      "resolved": "https://registry.npmjs.org/js-tokens/-/js-tokens-4.0.0.tgz",
      "integrity": "sha512-RdJUflcE3cUzKiMqQgsCu06FPu9UdIJO0beYbPhHN4k6apgJtifcoCtT9bcxOpYBtpD2kCM6Sbzg4CausW/PKQ=="
    },
    "loose-envify": {
      "version": "1.4.0",
      "resolved": "https://registry.npmjs.org/loose-envify/-/loose-envify-1.4.0.tgz",
      "integrity": "sha512-lyuxPGr/Wfhrlem2CL/UcnUc1zcqKAImBDzukY7Y5F/yQiNdko6+fRLevlw1HgMySw7f611UIY408EtxRSoK3Q==",
      "requires": {
        "js-tokens": "^3.0.0 || ^4.0.0"
      }
    },
    "min-document": {
      "version": "2.19.0",
      "resolved": "https://registry.npmjs.org/min-document/-/min-document-2.19.0.tgz",
      "integrity": "sha1-e9KC4/WELtKVu3SM3Z8f+iyCRoU=",
      "requires": {
        "dom-walk": "^0.1.0"
      }
    },
    "npm-expansions": {
      "version": "2.2.4",
      "resolved": "https://registry.npmjs.org/npm-expansions/-/npm-expansions-2.2.4.tgz",
      "integrity": "sha1-ANFiGYxX7HKcRPksXbwhiCFCBMQ="
    },
    "object-assign": {
      "version": "4.1.1",
      "resolved": "https://registry.npmjs.org/object-assign/-/object-assign-4.1.1.tgz",
      "integrity": "sha1-IQmtx5ZYh8/AXLvUQsrIv7s2CGM="
    },
    "performance-now": {
      "version": "0.2.0",
      "resolved": "https://registry.npmjs.org/performance-now/-/performance-now-0.2.0.tgz",
      "integrity": "sha1-M+8wxcd9TqIcWlOGnZG1bY8lVeU="
    },
    "process": {
      "version": "0.5.2",
      "resolved": "https://registry.npmjs.org/process/-/process-0.5.2.tgz",
      "integrity": "sha1-FjjYqONML0QKkduVq5rrZ3/Bhc8="
    },
    "prop-types": {
      "version": "15.7.2",
      "resolved": "https://registry.npmjs.org/prop-types/-/prop-types-15.7.2.tgz",
      "integrity": "sha512-8QQikdH7//R2vurIJSutZ1smHYTcLpRWEOlHnzcWHmBYrOGUysKwSsrC89BCiFj3CbrfJ/nXFdJepOVrY1GCHQ==",
      "requires": {
        "loose-envify": "^1.4.0",
        "object-assign": "^4.1.1",
        "react-is": "^16.8.1"
      }
    },
    "raf": {
      "version": "3.4.1",
      "resolved": "https://registry.npmjs.org/raf/-/raf-3.4.1.tgz",
      "integrity": "sha512-Sq4CW4QhwOHE8ucn6J34MqtZCeWFP2aQSmrlroYgqAV1PjStIhJXxYuTgUIfkEk7zTLjmIjLmU5q+fbD1NnOJA==",
      "requires": {
        "performance-now": "^2.1.0"
      },
      "dependencies": {
        "performance-now": {
          "version": "2.1.0",
          "resolved": "https://registry.npmjs.org/performance-now/-/performance-now-2.1.0.tgz",
          "integrity": "sha1-Ywn04OX6kT7BxpMHrjZLSzd8nns="
        }
      }
    },
    "react-is": {
      "version": "16.8.2",
      "resolved": "https://registry.npmjs.org/react-is/-/react-is-16.8.2.tgz",
      "integrity": "sha512-D+NxhSR2HUCjYky1q1DwpNUD44cDpUXzSmmFyC3ug1bClcU/iDNy0YNn1iwme28fn+NFhpA13IndOd42CrFb+Q=="
    },
    "react-motion": {
      "version": "0.5.2",
      "resolved": "https://registry.npmjs.org/react-motion/-/react-motion-0.5.2.tgz",
      "integrity": "sha512-9q3YAvHoUiWlP3cK0v+w1N5Z23HXMj4IF4YuvjvWegWqNPfLXsOBE/V7UvQGpXxHFKRQQcNcVQE31g9SB/6qgQ==",
      "requires": {
        "performance-now": "^0.2.0",
        "prop-types": "^15.5.8",
        "raf": "^3.1.0"
      }
    },
    "react-vis": {
      "version": "1.11.6",
      "resolved": "https://registry.npmjs.org/react-vis/-/react-vis-1.11.6.tgz",
      "integrity": "sha512-MHlk4LSnhkiHUoiHbf+Lk4mp7QkFPiamhU5BiJdS4JtzfIY8ZWsZcV229quBq8EHeqFcwUyq1ooa3kJ/znJ+4A==",
      "requires": {
        "d3-array": "^1.2.0",
        "d3-collection": "^1.0.3",
        "d3-color": "^1.0.3",
        "d3-contour": "^1.1.0",
        "d3-format": "^1.2.0",
        "d3-geo": "^1.6.4",
        "d3-hexbin": "^0.2.2",
        "d3-hierarchy": "^1.1.4",
        "d3-interpolate": "^1.1.4",
        "d3-sankey": "^0.7.1",
        "d3-scale": "^1.0.5",
        "d3-shape": "^1.1.0",
        "d3-voronoi": "^1.1.2",
        "deep-equal": "^1.0.1",
        "global": "^4.3.1",
        "hoek": "4.2.1",
        "prop-types": "^15.5.8",
        "react-motion": "^0.5.2"
      },
      "dependencies": {
        "d3-scale": {
          "version": "1.0.7",
          "resolved": "https://registry.npmjs.org/d3-scale/-/d3-scale-1.0.7.tgz",
          "integrity": "sha512-KvU92czp2/qse5tUfGms6Kjig0AhHOwkzXG0+PqIJB3ke0WUv088AHMZI0OssO9NCkXt4RP8yju9rpH8aGB7Lw==",
          "requires": {
            "d3-array": "^1.2.0",
            "d3-collection": "1",
            "d3-color": "1",
            "d3-format": "1",
            "d3-interpolate": "1",
            "d3-time": "1",
            "d3-time-format": "2"
          }
        }
      }
    },
    "zrender": {
      "version": "4.0.4",
      "resolved": "https://registry.npmjs.org/zrender/-/zrender-4.0.4.tgz",
      "integrity": "sha512-03Vd/BDl/cPXp8E61f5+Xbgr/a4vDyFA+uUtUc1s+5KgcPbyY2m+78R/9LQwkR6QwFYHG8qk25Q8ESGs/qpkZw=="
    }
  }
}
